
Microsoft Visual Studio Solution File, Format Version 12.00
# Visual Studio Version 17
VisualStudioVersion = 17.1.32319.34
MinimumVisualStudioVersion = 10.0.40219.1
Project("{FAE04EC0-301F-11D3-BF4B-00C04F79EFBC}") = "Lesson6", "Lesson6.csproj", "{DD486C98-3512-4E9A-9380-961038A04F80}"
EndProject
Global
	GlobalSection(SolutionConfigurationPlatforms) = preSolution
		Debug|Any CPU = Debug|Any CPU
		Release|Any CPU = Release|Any CPU
	EndGlobalSection
	GlobalSection(ProjectConfigurationPlatforms) = postSolution
		{DD486C98-3512-4E9A-9380-961038A04F80}.Debug|Any CPU.ActiveCfg = Debug|Any CPU
		{DD486C98-3512-4E9A-9380-961038A04F80}.Debug|Any CPU.Build.0 = Debug|Any CPU
		{DD486C98-3512-4E9A-9380-961038A04F80}.Release|Any CPU.ActiveCfg = Release|Any CPU
		{DD486C98-3512-4E9A-9380-961038A04F80}.Release|Any CPU.Build.0 = Release|Any CPU
	EndGlobalSection
	GlobalSection(SolutionProperties) = preSolution
		HideSolutionNode = FALSE
	EndGlobalSection
	GlobalSection(ExtensibilityGlobals) = postSolution
		SolutionGuid = {9EAB54D8-20D6-4D84-96DA-16CD80D94CF8}
	EndGlobalSection
EndGlobal
